// !$*UTF8*$!
{
	archiveVersion = 1;
	classes = {
	};
	objectVersion = 50;
	objects = {

/* Begin PBXBuildFile section */
		044B826A34BE24A71F867277 /* Pods_SharkWeek.framework in Frameworks */ = {isa = PBXBuildFile; fileRef = 7D79E6C95F8A1456363B04F1 /* Pods_SharkWeek.framework */; };
		480D5B0621750B92005A4A68 /* MyJobsTVC.swift in Sources */ = {isa = PBXBuildFile; fileRef = 480D5B0421750B92005A4A68 /* MyJobsTVC.swift */; };
		480D5B0721750B92005A4A68 /* myJobsCell.swift in Sources */ = {isa = PBXBuildFile; fileRef = 480D5B0521750B92005A4A68 /* myJobsCell.swift */; };
		483302E32176A714004EBB07 /* PostJobVC.swift in Sources */ = {isa = PBXBuildFile; fileRef = 483302E22176A713004EBB07 /* PostJobVC.swift */; };
		486AFFFA2176615000B598CA /* AppliedDetailVC.swift in Sources */ = {isa = PBXBuildFile; fileRef = 486AFFF92176615000B598CA /* AppliedDetailVC.swift */; };
		48823CE4217690A20012C30B /* PostedDetailVC.swift in Sources */ = {isa = PBXBuildFile; fileRef = 48823CE3217690A20012C30B /* PostedDetailVC.swift */; };
		48823CE6217691750012C30B /* ViewPostingVC.swift in Sources */ = {isa = PBXBuildFile; fileRef = 48823CE5217691750012C30B /* ViewPostingVC.swift */; };
		48823CEA217692BD0012C30B /* EditPostVC.swift in Sources */ = {isa = PBXBuildFile; fileRef = 48823CE9217692BD0012C30B /* EditPostVC.swift */; };
		48823CEC217693240012C30B /* ViewApplicantsVC.swift in Sources */ = {isa = PBXBuildFile; fileRef = 48823CEB217693240012C30B /* ViewApplicantsVC.swift */; };
		48B0401F2176A585002424AC /* ViewApplicantsCell.swift in Sources */ = {isa = PBXBuildFile; fileRef = 48B0401E2176A585002424AC /* ViewApplicantsCell.swift */; };
		90493CD82177C8B700F9DBA7 /* textFieldExtendor.swift in Sources */ = {isa = PBXBuildFile; fileRef = 90493CD72177C8B700F9DBA7 /* textFieldExtendor.swift */; };
		90709B5A216FC54700E4795A /* GoogleService-Info.plist in Resources */ = {isa = PBXBuildFile; fileRef = 90709B59216FC54700E4795A /* GoogleService-Info.plist */; };
		C318E6D02171424E00549DD6 /* JobListTableViewController.swift in Sources */ = {isa = PBXBuildFile; fileRef = C318E6CF2171424E00549DD6 /* JobListTableViewController.swift */; };
		C318E6D22171442400549DD6 /* JobHistoryTableViewCell.swift in Sources */ = {isa = PBXBuildFile; fileRef = C318E6D12171442400549DD6 /* JobHistoryTableViewCell.swift */; };
		C376F28F216ED021005EEA0D /* AppDelegate.swift in Sources */ = {isa = PBXBuildFile; fileRef = C376F28E216ED021005EEA0D /* AppDelegate.swift */; };
		C376F294216ED021005EEA0D /* Main.storyboard in Resources */ = {isa = PBXBuildFile; fileRef = C376F292216ED021005EEA0D /* Main.storyboard */; };
		C376F296216ED022005EEA0D /* Assets.xcassets in Resources */ = {isa = PBXBuildFile; fileRef = C376F295216ED022005EEA0D /* Assets.xcassets */; };
		C376F299216ED022005EEA0D /* LaunchScreen.storyboard in Resources */ = {isa = PBXBuildFile; fileRef = C376F297216ED022005EEA0D /* LaunchScreen.storyboard */; };
		C376F2A7216ED0E7005EEA0D /* User.swift in Sources */ = {isa = PBXBuildFile; fileRef = C376F2A6216ED0E7005EEA0D /* User.swift */; };
		C376F2A9216ED0F4005EEA0D /* Job.swift in Sources */ = {isa = PBXBuildFile; fileRef = C376F2A8216ED0F4005EEA0D /* Job.swift */; };
		C376F2AB216ED0FF005EEA0D /* Review.swift in Sources */ = {isa = PBXBuildFile; fileRef = C376F2AA216ED0FF005EEA0D /* Review.swift */; };
		C376F2AD216ED12F005EEA0D /* UserController.swift in Sources */ = {isa = PBXBuildFile; fileRef = C376F2AC216ED12F005EEA0D /* UserController.swift */; };
		C376F2AF216ED13C005EEA0D /* JobController.swift in Sources */ = {isa = PBXBuildFile; fileRef = C376F2AE216ED13C005EEA0D /* JobController.swift */; };
		C376F2B1216ED14A005EEA0D /* ReviewController.swift in Sources */ = {isa = PBXBuildFile; fileRef = C376F2B0216ED14A005EEA0D /* ReviewController.swift */; };
		C376F2BC216ED329005EEA0D /* Home.storyboard in Resources */ = {isa = PBXBuildFile; fileRef = C376F2BB216ED329005EEA0D /* Home.storyboard */; };
		C376F2BE216ED331005EEA0D /* Profile.storyboard in Resources */ = {isa = PBXBuildFile; fileRef = C376F2BD216ED331005EEA0D /* Profile.storyboard */; };
		C376F2C0216ED33C005EEA0D /* PostJob.storyboard in Resources */ = {isa = PBXBuildFile; fileRef = C376F2BF216ED33C005EEA0D /* PostJob.storyboard */; };
		C376F2C2216ED36C005EEA0D /* MyJobs.storyboard in Resources */ = {isa = PBXBuildFile; fileRef = C376F2C1216ED36C005EEA0D /* MyJobs.storyboard */; };
		C376F2C4216ED373005EEA0D /* Search.storyboard in Resources */ = {isa = PBXBuildFile; fileRef = C376F2C3216ED373005EEA0D /* Search.storyboard */; };
		C376F2C8216FECD5005EEA0D /* SignUpViewController.swift in Sources */ = {isa = PBXBuildFile; fileRef = C376F2C7216FECD5005EEA0D /* SignUpViewController.swift */; };
		C376F2CA216FED8C005EEA0D /* SignInViewController.swift in Sources */ = {isa = PBXBuildFile; fileRef = C376F2C9216FED8C005EEA0D /* SignInViewController.swift */; };
		C376F2CC21700EC3005EEA0D /* PhotoSelectViewController.swift in Sources */ = {isa = PBXBuildFile; fileRef = C376F2CB21700EC3005EEA0D /* PhotoSelectViewController.swift */; };
		C376F2CE217032B2005EEA0D /* ProfileTableViewController.swift in Sources */ = {isa = PBXBuildFile; fileRef = C376F2CD217032B2005EEA0D /* ProfileTableViewController.swift */; };
		C3DF84392176515B0064FCF5 /* SharkTabBarController.swift in Sources */ = {isa = PBXBuildFile; fileRef = C3DF84382176515B0064FCF5 /* SharkTabBarController.swift */; };
		C3F81F3C2170F5A000E06F6E /* Sample.mp3 in Resources */ = {isa = PBXBuildFile; fileRef = C3F81F3B2170F5A000E06F6E /* Sample.mp3 */; };
		C3F81F3F21711C8900E06F6E /* PersonalInfoViewController.swift in Sources */ = {isa = PBXBuildFile; fileRef = C3F81F3E21711C8900E06F6E /* PersonalInfoViewController.swift */; };
		C3F916DC2178F13A00394038 /* HomePageTableViewController.swift in Sources */ = {isa = PBXBuildFile; fileRef = C3F916DB2178F13A00394038 /* HomePageTableViewController.swift */; };
		C3F916DE2178F39F00394038 /* homeCollectionViewCell.swift in Sources */ = {isa = PBXBuildFile; fileRef = C3F916DD2178F39F00394038 /* homeCollectionViewCell.swift */; };
		F7FD3FAB67C569AD13BBE1FE /* Pods_SharkWeek.framework in Frameworks */ = {isa = PBXBuildFile; fileRef = 80128D6CFF2BEBFCD0EB833B /* Pods_SharkWeek.framework */; };
/* End PBXBuildFile section */

/* Begin PBXFileReference section */
		1A0E356D18FB373AAC3F2CCC /* Pods-SharkWeek.release.xcconfig */ = {isa = PBXFileReference; includeInIndex = 1; lastKnownFileType = text.xcconfig; name = "Pods-SharkWeek.release.xcconfig"; path = "Pods/Target Support Files/Pods-SharkWeek/Pods-SharkWeek.release.xcconfig"; sourceTree = "<group>"; };
		480D5B0421750B92005A4A68 /* MyJobsTVC.swift */ = {isa = PBXFileReference; fileEncoding = 4; lastKnownFileType = sourcecode.swift; path = MyJobsTVC.swift; sourceTree = "<group>"; };
		480D5B0521750B92005A4A68 /* myJobsCell.swift */ = {isa = PBXFileReference; fileEncoding = 4; lastKnownFileType = sourcecode.swift; name = myJobsCell.swift; path = "SharkWeek/View Controller/Jobs Cell/myJobsCell.swift"; sourceTree = SOURCE_ROOT; };
		483302E22176A713004EBB07 /* PostJobVC.swift */ = {isa = PBXFileReference; lastKnownFileType = sourcecode.swift; path = PostJobVC.swift; sourceTree = "<group>"; };
		486AFFF92176615000B598CA /* AppliedDetailVC.swift */ = {isa = PBXFileReference; lastKnownFileType = sourcecode.swift; path = AppliedDetailVC.swift; sourceTree = "<group>"; };
		48823CE3217690A20012C30B /* PostedDetailVC.swift */ = {isa = PBXFileReference; lastKnownFileType = sourcecode.swift; path = PostedDetailVC.swift; sourceTree = "<group>"; };
		48823CE5217691750012C30B /* ViewPostingVC.swift */ = {isa = PBXFileReference; lastKnownFileType = sourcecode.swift; path = ViewPostingVC.swift; sourceTree = "<group>"; };
		48823CE9217692BD0012C30B /* EditPostVC.swift */ = {isa = PBXFileReference; lastKnownFileType = sourcecode.swift; path = EditPostVC.swift; sourceTree = "<group>"; };
		48823CEB217693240012C30B /* ViewApplicantsVC.swift */ = {isa = PBXFileReference; lastKnownFileType = sourcecode.swift; path = ViewApplicantsVC.swift; sourceTree = "<group>"; };
		48B0401E2176A585002424AC /* ViewApplicantsCell.swift */ = {isa = PBXFileReference; lastKnownFileType = sourcecode.swift; path = ViewApplicantsCell.swift; sourceTree = "<group>"; };
		7D79E6C95F8A1456363B04F1 /* Pods_SharkWeek.framework */ = {isa = PBXFileReference; explicitFileType = wrapper.framework; includeInIndex = 0; path = Pods_SharkWeek.framework; sourceTree = BUILT_PRODUCTS_DIR; };
		83B22494710D5F0B384201EF /* Pods-SharkWeek.debug.xcconfig */ = {isa = PBXFileReference; includeInIndex = 1; lastKnownFileType = text.xcconfig; name = "Pods-SharkWeek.debug.xcconfig"; path = "Pods/Target Support Files/Pods-SharkWeek/Pods-SharkWeek.debug.xcconfig"; sourceTree = "<group>"; };
		90493CD72177C8B700F9DBA7 /* textFieldExtendor.swift */ = {isa = PBXFileReference; lastKnownFileType = sourcecode.swift; path = textFieldExtendor.swift; sourceTree = "<group>"; };
		90709B59216FC54700E4795A /* GoogleService-Info.plist */ = {isa = PBXFileReference; fileEncoding = 4; lastKnownFileType = text.plist.xml; path = "GoogleService-Info.plist"; sourceTree = "<group>"; };
		90935A14216FF04D00011B28 /* SF-Pro-Text-Bold.otf */ = {isa = PBXFileReference; lastKnownFileType = file; path = "SF-Pro-Text-Bold.otf"; sourceTree = "<group>"; };
		C318E6CF2171424E00549DD6 /* JobListTableViewController.swift */ = {isa = PBXFileReference; lastKnownFileType = sourcecode.swift; path = JobListTableViewController.swift; sourceTree = "<group>"; };
		C318E6D12171442400549DD6 /* JobHistoryTableViewCell.swift */ = {isa = PBXFileReference; lastKnownFileType = sourcecode.swift; path = JobHistoryTableViewCell.swift; sourceTree = "<group>"; };
		C318E6DF2173FA6700549DD6 /* SharkWeek.entitlements */ = {isa = PBXFileReference; lastKnownFileType = text.plist.entitlements; path = SharkWeek.entitlements; sourceTree = "<group>"; };
		C376F28B216ED021005EEA0D /* SharkWeek.app */ = {isa = PBXFileReference; explicitFileType = wrapper.application; includeInIndex = 0; path = SharkWeek.app; sourceTree = BUILT_PRODUCTS_DIR; };
		C376F28E216ED021005EEA0D /* AppDelegate.swift */ = {isa = PBXFileReference; lastKnownFileType = sourcecode.swift; path = AppDelegate.swift; sourceTree = "<group>"; };
		C376F293216ED021005EEA0D /* Base */ = {isa = PBXFileReference; lastKnownFileType = file.storyboard; name = Base; path = Base.lproj/Main.storyboard; sourceTree = "<group>"; };
		C376F295216ED022005EEA0D /* Assets.xcassets */ = {isa = PBXFileReference; lastKnownFileType = folder.assetcatalog; path = Assets.xcassets; sourceTree = "<group>"; };
		C376F298216ED022005EEA0D /* Base */ = {isa = PBXFileReference; lastKnownFileType = file.storyboard; name = Base; path = Base.lproj/LaunchScreen.storyboard; sourceTree = "<group>"; };
		C376F29A216ED022005EEA0D /* Info.plist */ = {isa = PBXFileReference; lastKnownFileType = text.plist.xml; path = Info.plist; sourceTree = "<group>"; };
		C376F2A6216ED0E7005EEA0D /* User.swift */ = {isa = PBXFileReference; lastKnownFileType = sourcecode.swift; path = User.swift; sourceTree = "<group>"; };
		C376F2A8216ED0F4005EEA0D /* Job.swift */ = {isa = PBXFileReference; lastKnownFileType = sourcecode.swift; path = Job.swift; sourceTree = "<group>"; };
		C376F2AA216ED0FF005EEA0D /* Review.swift */ = {isa = PBXFileReference; lastKnownFileType = sourcecode.swift; path = Review.swift; sourceTree = "<group>"; };
		C376F2AC216ED12F005EEA0D /* UserController.swift */ = {isa = PBXFileReference; lastKnownFileType = sourcecode.swift; path = UserController.swift; sourceTree = "<group>"; };
		C376F2AE216ED13C005EEA0D /* JobController.swift */ = {isa = PBXFileReference; lastKnownFileType = sourcecode.swift; path = JobController.swift; sourceTree = "<group>"; };
		C376F2B0216ED14A005EEA0D /* ReviewController.swift */ = {isa = PBXFileReference; lastKnownFileType = sourcecode.swift; path = ReviewController.swift; sourceTree = "<group>"; };
		C376F2BB216ED329005EEA0D /* Home.storyboard */ = {isa = PBXFileReference; lastKnownFileType = file.storyboard; path = Home.storyboard; sourceTree = "<group>"; };
		C376F2BD216ED331005EEA0D /* Profile.storyboard */ = {isa = PBXFileReference; lastKnownFileType = file.storyboard; path = Profile.storyboard; sourceTree = "<group>"; };
		C376F2BF216ED33C005EEA0D /* PostJob.storyboard */ = {isa = PBXFileReference; lastKnownFileType = file.storyboard; path = PostJob.storyboard; sourceTree = "<group>"; };
		C376F2C1216ED36C005EEA0D /* MyJobs.storyboard */ = {isa = PBXFileReference; lastKnownFileType = file.storyboard; path = MyJobs.storyboard; sourceTree = "<group>"; };
		C376F2C3216ED373005EEA0D /* Search.storyboard */ = {isa = PBXFileReference; lastKnownFileType = file.storyboard; path = Search.storyboard; sourceTree = "<group>"; };
		C376F2C7216FECD5005EEA0D /* SignUpViewController.swift */ = {isa = PBXFileReference; lastKnownFileType = sourcecode.swift; path = SignUpViewController.swift; sourceTree = "<group>"; };
		C376F2C9216FED8C005EEA0D /* SignInViewController.swift */ = {isa = PBXFileReference; lastKnownFileType = sourcecode.swift; path = SignInViewController.swift; sourceTree = "<group>"; };
		C376F2CB21700EC3005EEA0D /* PhotoSelectViewController.swift */ = {isa = PBXFileReference; lastKnownFileType = sourcecode.swift; path = PhotoSelectViewController.swift; sourceTree = "<group>"; };
		C376F2CD217032B2005EEA0D /* ProfileTableViewController.swift */ = {isa = PBXFileReference; lastKnownFileType = sourcecode.swift; path = ProfileTableViewController.swift; sourceTree = "<group>"; };
		C3DF84382176515B0064FCF5 /* SharkTabBarController.swift */ = {isa = PBXFileReference; lastKnownFileType = sourcecode.swift; path = SharkTabBarController.swift; sourceTree = "<group>"; };
		C3F81F3B2170F5A000E06F6E /* Sample.mp3 */ = {isa = PBXFileReference; lastKnownFileType = audio.mp3; path = Sample.mp3; sourceTree = "<group>"; };
		C3F81F3E21711C8900E06F6E /* PersonalInfoViewController.swift */ = {isa = PBXFileReference; lastKnownFileType = sourcecode.swift; path = PersonalInfoViewController.swift; sourceTree = "<group>"; };
		C3F916DB2178F13A00394038 /* HomePageTableViewController.swift */ = {isa = PBXFileReference; lastKnownFileType = sourcecode.swift; path = HomePageTableViewController.swift; sourceTree = "<group>"; };
		C3F916DD2178F39F00394038 /* homeCollectionViewCell.swift */ = {isa = PBXFileReference; lastKnownFileType = sourcecode.swift; path = homeCollectionViewCell.swift; sourceTree = "<group>"; };
		F5A48662923F62F6E2325171 /* Pods-SharkWeek.release.xcconfig */ = {isa = PBXFileReference; includeInIndex = 1; lastKnownFileType = text.xcconfig; name = "Pods-SharkWeek.release.xcconfig"; path = "Pods/Target Support Files/Pods-SharkWeek/Pods-SharkWeek.release.xcconfig"; sourceTree = "<group>"; };
/* End PBXFileReference section */

/* Begin PBXFrameworksBuildPhase section */
		C376F288216ED021005EEA0D /* Frameworks */ = {
			isa = PBXFrameworksBuildPhase;
			buildActionMask = 2147483647;
			files = (
				044B826A34BE24A71F867277 /* Pods_SharkWeek.framework in Frameworks */,
			);
			runOnlyForDeploymentPostprocessing = 0;
		};
/* End PBXFrameworksBuildPhase section */

/* Begin PBXGroup section */
		6DEF52238031B296A6F144DD /* Frameworks */ = {
			isa = PBXGroup;
			children = (
				7D79E6C95F8A1456363B04F1 /* Pods_SharkWeek.framework */,
			);
			name = Frameworks;
			sourceTree = "<group>";
		};
		90493CD92177CEF200F9DBA7 /* Extensions */ = {
			isa = PBXGroup;
			children = (
				90493CD72177C8B700F9DBA7 /* textFieldExtendor.swift */,
			);
			path = Extensions;
			sourceTree = "<group>";
		};
		C376F282216ED021005EEA0D = {
			isa = PBXGroup;
			children = (
				C376F28D216ED021005EEA0D /* SharkWeek */,
				C376F28C216ED021005EEA0D /* Products */,
				F3EC8FE31E552BF99DF95F6A /* Pods */,
				6DEF52238031B296A6F144DD /* Frameworks */,
			);
			sourceTree = "<group>";
		};
		C376F28C216ED021005EEA0D /* Products */ = {
			isa = PBXGroup;
			children = (
				C376F28B216ED021005EEA0D /* SharkWeek.app */,
			);
			name = Products;
			sourceTree = "<group>";
		};
		C376F28D216ED021005EEA0D /* SharkWeek */ = {
			isa = PBXGroup;
			children = (
				90493CD92177CEF200F9DBA7 /* Extensions */,
				C318E6DF2173FA6700549DD6 /* SharkWeek.entitlements */,
				C3F81F3A2170F59300E06F6E /* Music */,
				C376F2A2216ED04F005EEA0D /* View Controller */,
				C376F2A3216ED04F005EEA0D /* View */,
				C376F2A4216ED04F005EEA0D /* Model Controller */,
				C376F2A5216ED04F005EEA0D /* Model */,
				C376F2A1216ED04E005EEA0D /* StoryBoards */,
				C376F2A0216ED040005EEA0D /* Resources */,
			);
			path = SharkWeek;
			sourceTree = "<group>";
		};
		C376F2A0216ED040005EEA0D /* Resources */ = {
			isa = PBXGroup;
			children = (
				90935A14216FF04D00011B28 /* SF-Pro-Text-Bold.otf */,
				90709B59216FC54700E4795A /* GoogleService-Info.plist */,
				C376F28E216ED021005EEA0D /* AppDelegate.swift */,
				C376F295216ED022005EEA0D /* Assets.xcassets */,
				C376F297216ED022005EEA0D /* LaunchScreen.storyboard */,
				C376F29A216ED022005EEA0D /* Info.plist */,
			);
			path = Resources;
			sourceTree = "<group>";
		};
		C376F2A1216ED04E005EEA0D /* StoryBoards */ = {
			isa = PBXGroup;
			children = (
				C376F2B2216ED28F005EEA0D /* Main */,
				C376F2B3216ED291005EEA0D /* Home */,
				C376F2B4216ED292005EEA0D /* Profile */,
				C376F2B5216ED292005EEA0D /* Post Job */,
				C376F2B6216ED292005EEA0D /* My Jobs */,
				C376F2B7216ED293005EEA0D /* Search */,
			);
			path = StoryBoards;
			sourceTree = "<group>";
		};
		C376F2A2216ED04F005EEA0D /* View Controller */ = {
			isa = PBXGroup;
			children = (
				C3F81F3D21711C7100E06F6E /* Profile Containers */,
				C3DF84382176515B0064FCF5 /* SharkTabBarController.swift */,
				480D5B0421750B92005A4A68 /* MyJobsTVC.swift */,
				486AFFF92176615000B598CA /* AppliedDetailVC.swift */,
				48823CE3217690A20012C30B /* PostedDetailVC.swift */,
				48823CE5217691750012C30B /* ViewPostingVC.swift */,
				48823CE9217692BD0012C30B /* EditPostVC.swift */,
				48823CEB217693240012C30B /* ViewApplicantsVC.swift */,
				C376F2C7216FECD5005EEA0D /* SignUpViewController.swift */,
				C376F2C9216FED8C005EEA0D /* SignInViewController.swift */,
				C376F2CB21700EC3005EEA0D /* PhotoSelectViewController.swift */,
				C376F2CD217032B2005EEA0D /* ProfileTableViewController.swift */,
				483302E22176A713004EBB07 /* PostJobVC.swift */,
				C3F916DB2178F13A00394038 /* HomePageTableViewController.swift */,
			);
			path = "View Controller";
			sourceTree = "<group>";
		};
		C376F2A3216ED04F005EEA0D /* View */ = {
			isa = PBXGroup;
			children = (
				480D5B0521750B92005A4A68 /* myJobsCell.swift */,
				48B0401E2176A585002424AC /* ViewApplicantsCell.swift */,
				C318E6D12171442400549DD6 /* JobHistoryTableViewCell.swift */,
				C3F916DD2178F39F00394038 /* homeCollectionViewCell.swift */,
			);
			path = View;
			sourceTree = "<group>";
		};
		C376F2A4216ED04F005EEA0D /* Model Controller */ = {
			isa = PBXGroup;
			children = (
				C376F2AC216ED12F005EEA0D /* UserController.swift */,
				C376F2AE216ED13C005EEA0D /* JobController.swift */,
				C376F2B0216ED14A005EEA0D /* ReviewController.swift */,
			);
			path = "Model Controller";
			sourceTree = "<group>";
		};
		C376F2A5216ED04F005EEA0D /* Model */ = {
			isa = PBXGroup;
			children = (
				C376F2A6216ED0E7005EEA0D /* User.swift */,
				C376F2A8216ED0F4005EEA0D /* Job.swift */,
				C376F2AA216ED0FF005EEA0D /* Review.swift */,
			);
			path = Model;
			sourceTree = "<group>";
		};
		C376F2B2216ED28F005EEA0D /* Main */ = {
			isa = PBXGroup;
			children = (
				C376F292216ED021005EEA0D /* Main.storyboard */,
			);
			path = Main;
			sourceTree = "<group>";
		};
		C376F2B3216ED291005EEA0D /* Home */ = {
			isa = PBXGroup;
			children = (
				C376F2BB216ED329005EEA0D /* Home.storyboard */,
			);
			path = Home;
			sourceTree = "<group>";
		};
		C376F2B4216ED292005EEA0D /* Profile */ = {
			isa = PBXGroup;
			children = (
				C376F2BD216ED331005EEA0D /* Profile.storyboard */,
			);
			path = Profile;
			sourceTree = "<group>";
		};
		C376F2B5216ED292005EEA0D /* Post Job */ = {
			isa = PBXGroup;
			children = (
				C376F2BF216ED33C005EEA0D /* PostJob.storyboard */,
			);
			path = "Post Job";
			sourceTree = "<group>";
		};
		C376F2B6216ED292005EEA0D /* My Jobs */ = {
			isa = PBXGroup;
			children = (
				C376F2C1216ED36C005EEA0D /* MyJobs.storyboard */,
			);
			path = "My Jobs";
			sourceTree = "<group>";
		};
		C376F2B7216ED293005EEA0D /* Search */ = {
			isa = PBXGroup;
			children = (
				C376F2C3216ED373005EEA0D /* Search.storyboard */,
			);
			path = Search;
			sourceTree = "<group>";
		};
		C3F81F3A2170F59300E06F6E /* Music */ = {
			isa = PBXGroup;
			children = (
				C3F81F3B2170F5A000E06F6E /* Sample.mp3 */,
			);
			path = Music;
			sourceTree = "<group>";
		};
		C3F81F3D21711C7100E06F6E /* Profile Containers */ = {
			isa = PBXGroup;
			children = (
				C3F81F3E21711C8900E06F6E /* PersonalInfoViewController.swift */,
				C318E6CF2171424E00549DD6 /* JobListTableViewController.swift */,
			);
			path = "Profile Containers";
			sourceTree = "<group>";
		};
		F3EC8FE31E552BF99DF95F6A /* Pods */ = {
			isa = PBXGroup;
			children = (
				83B22494710D5F0B384201EF /* Pods-SharkWeek.debug.xcconfig */,
				1A0E356D18FB373AAC3F2CCC /* Pods-SharkWeek.release.xcconfig */,
			);
			name = Pods;
			sourceTree = "<group>";
		};
/* End PBXGroup section */

/* Begin PBXNativeTarget section */
		C376F28A216ED021005EEA0D /* SharkWeek */ = {
			isa = PBXNativeTarget;
			buildConfigurationList = C376F29D216ED022005EEA0D /* Build configuration list for PBXNativeTarget "SharkWeek" */;
			buildPhases = (
				6DF3ECD51B1DDF4925AB130E /* [CP] Check Pods Manifest.lock */,
				C376F287216ED021005EEA0D /* Sources */,
				C376F288216ED021005EEA0D /* Frameworks */,
				C376F289216ED021005EEA0D /* Resources */,
				615B9D1551C3D86EC6385A90 /* [CP] Embed Pods Frameworks */,
			);
			buildRules = (
			);
			dependencies = (
			);
			name = SharkWeek;
			productName = SharkWeek;
			productReference = C376F28B216ED021005EEA0D /* SharkWeek.app */;
			productType = "com.apple.product-type.application";
		};
/* End PBXNativeTarget section */

/* Begin PBXProject section */
		C376F283216ED021005EEA0D /* Project object */ = {
			isa = PBXProject;
			attributes = {
				LastSwiftUpdateCheck = 1000;
				LastUpgradeCheck = 1000;
				ORGANIZATIONNAME = "Cody Adcock";
				TargetAttributes = {
					C376F28A216ED021005EEA0D = {
						CreatedOnToolsVersion = 10.0;
						SystemCapabilities = {
							com.apple.BackgroundModes = {
								enabled = 1;
							};
							com.apple.InAppPurchase = {
								enabled = 0;
							};
							com.apple.Push = {
								enabled = 1;
							};
							com.apple.iCloud = {
								enabled = 0;
							};
						};
					};
				};
			};
			buildConfigurationList = C376F286216ED021005EEA0D /* Build configuration list for PBXProject "SharkWeek" */;
			compatibilityVersion = "Xcode 9.3";
			developmentRegion = en;
			hasScannedForEncodings = 0;
			knownRegions = (
				en,
				Base,
			);
			mainGroup = C376F282216ED021005EEA0D;
			productRefGroup = C376F28C216ED021005EEA0D /* Products */;
			projectDirPath = "";
			projectRoot = "";
			targets = (
				C376F28A216ED021005EEA0D /* SharkWeek */,
			);
		};
/* End PBXProject section */

/* Begin PBXResourcesBuildPhase section */
		C376F289216ED021005EEA0D /* Resources */ = {
			isa = PBXResourcesBuildPhase;
			buildActionMask = 2147483647;
			files = (
				C376F299216ED022005EEA0D /* LaunchScreen.storyboard in Resources */,
				C376F296216ED022005EEA0D /* Assets.xcassets in Resources */,
				C376F2BE216ED331005EEA0D /* Profile.storyboard in Resources */,
				C376F2C2216ED36C005EEA0D /* MyJobs.storyboard in Resources */,
				C376F294216ED021005EEA0D /* Main.storyboard in Resources */,
				C3F81F3C2170F5A000E06F6E /* Sample.mp3 in Resources */,
				C376F2C0216ED33C005EEA0D /* PostJob.storyboard in Resources */,
				C376F2C4216ED373005EEA0D /* Search.storyboard in Resources */,
				90709B5A216FC54700E4795A /* GoogleService-Info.plist in Resources */,
				C376F2BC216ED329005EEA0D /* Home.storyboard in Resources */,
			);
			runOnlyForDeploymentPostprocessing = 0;
		};
/* End PBXResourcesBuildPhase section */

/* Begin PBXShellScriptBuildPhase section */
		615B9D1551C3D86EC6385A90 /* [CP] Embed Pods Frameworks */ = {
			isa = PBXShellScriptBuildPhase;
			buildActionMask = 2147483647;
			files = (
			);
			inputFileListPaths = (
			);
			inputPaths = (
				"${SRCROOT}/Pods/Target Support Files/Pods-SharkWeek/Pods-SharkWeek-frameworks.sh",
				"${BUILT_PRODUCTS_DIR}/BoringSSL/openssl.framework",
				"${BUILT_PRODUCTS_DIR}/GTMSessionFetcher/GTMSessionFetcher.framework",
				"${BUILT_PRODUCTS_DIR}/GoogleUtilities/GoogleUtilities.framework",
				"${BUILT_PRODUCTS_DIR}/Protobuf/Protobuf.framework",
				"${BUILT_PRODUCTS_DIR}/gRPC/GRPCClient.framework",
				"${BUILT_PRODUCTS_DIR}/gRPC-C++/grpcpp.framework",
				"${BUILT_PRODUCTS_DIR}/gRPC-Core/grpc.framework",
				"${BUILT_PRODUCTS_DIR}/gRPC-ProtoRPC/ProtoRPC.framework",
				"${BUILT_PRODUCTS_DIR}/gRPC-RxLibrary/RxLibrary.framework",
				"${BUILT_PRODUCTS_DIR}/leveldb-library/leveldb.framework",
				"${BUILT_PRODUCTS_DIR}/nanopb/nanopb.framework",
			);
			name = "[CP] Embed Pods Frameworks";
			outputFileListPaths = (
			);
			outputPaths = (
				"${TARGET_BUILD_DIR}/${FRAMEWORKS_FOLDER_PATH}/openssl.framework",
				"${TARGET_BUILD_DIR}/${FRAMEWORKS_FOLDER_PATH}/GTMSessionFetcher.framework",
				"${TARGET_BUILD_DIR}/${FRAMEWORKS_FOLDER_PATH}/GoogleUtilities.framework",
				"${TARGET_BUILD_DIR}/${FRAMEWORKS_FOLDER_PATH}/Protobuf.framework",
				"${TARGET_BUILD_DIR}/${FRAMEWORKS_FOLDER_PATH}/GRPCClient.framework",
				"${TARGET_BUILD_DIR}/${FRAMEWORKS_FOLDER_PATH}/grpcpp.framework",
				"${TARGET_BUILD_DIR}/${FRAMEWORKS_FOLDER_PATH}/grpc.framework",
				"${TARGET_BUILD_DIR}/${FRAMEWORKS_FOLDER_PATH}/ProtoRPC.framework",
				"${TARGET_BUILD_DIR}/${FRAMEWORKS_FOLDER_PATH}/RxLibrary.framework",
				"${TARGET_BUILD_DIR}/${FRAMEWORKS_FOLDER_PATH}/leveldb.framework",
				"${TARGET_BUILD_DIR}/${FRAMEWORKS_FOLDER_PATH}/nanopb.framework",
			);
			runOnlyForDeploymentPostprocessing = 0;
			shellPath = /bin/sh;
			shellScript = "\"${SRCROOT}/Pods/Target Support Files/Pods-SharkWeek/Pods-SharkWeek-frameworks.sh\"\n";
			showEnvVarsInLog = 0;
		};
		6DF3ECD51B1DDF4925AB130E /* [CP] Check Pods Manifest.lock */ = {
			isa = PBXShellScriptBuildPhase;
			buildActionMask = 2147483647;
			files = (
			);
			inputFileListPaths = (
			);
			inputPaths = (
				"${PODS_PODFILE_DIR_PATH}/Podfile.lock",
				"${PODS_ROOT}/Manifest.lock",
			);
			name = "[CP] Check Pods Manifest.lock";
			outputFileListPaths = (
			);
			outputPaths = (
				"$(DERIVED_FILE_DIR)/Pods-SharkWeek-checkManifestLockResult.txt",
			);
			runOnlyForDeploymentPostprocessing = 0;
			shellPath = /bin/sh;
			shellScript = "diff \"${PODS_PODFILE_DIR_PATH}/Podfile.lock\" \"${PODS_ROOT}/Manifest.lock\" > /dev/null\nif [ $? != 0 ] ; then\n    # print error to STDERR\n    echo \"error: The sandbox is not in sync with the Podfile.lock. Run 'pod install' or update your CocoaPods installation.\" >&2\n    exit 1\nfi\n# This output is used by Xcode 'outputs' to avoid re-running this script phase.\necho \"SUCCESS\" > \"${SCRIPT_OUTPUT_FILE_0}\"\n";
			showEnvVarsInLog = 0;
		};
/* End PBXShellScriptBuildPhase section */

/* Begin PBXSourcesBuildPhase section */
		C376F287216ED021005EEA0D /* Sources */ = {
			isa = PBXSourcesBuildPhase;
			buildActionMask = 2147483647;
			files = (
				C376F2A7216ED0E7005EEA0D /* User.swift in Sources */,
				48823CEA217692BD0012C30B /* EditPostVC.swift in Sources */,
				C376F2B1216ED14A005EEA0D /* ReviewController.swift in Sources */,
				48823CE4217690A20012C30B /* PostedDetailVC.swift in Sources */,
				483302E32176A714004EBB07 /* PostJobVC.swift in Sources */,
				C376F2C8216FECD5005EEA0D /* SignUpViewController.swift in Sources */,
				C376F2AB216ED0FF005EEA0D /* Review.swift in Sources */,
				C3F81F3F21711C8900E06F6E /* PersonalInfoViewController.swift in Sources */,
				C376F2AD216ED12F005EEA0D /* UserController.swift in Sources */,
				C376F2CA216FED8C005EEA0D /* SignInViewController.swift in Sources */,
				C376F2AF216ED13C005EEA0D /* JobController.swift in Sources */,
				C318E6D22171442400549DD6 /* JobHistoryTableViewCell.swift in Sources */,
				C3DF84392176515B0064FCF5 /* SharkTabBarController.swift in Sources */,
				48B0401F2176A585002424AC /* ViewApplicantsCell.swift in Sources */,
				C318E6D02171424E00549DD6 /* JobListTableViewController.swift in Sources */,
				90493CD82177C8B700F9DBA7 /* textFieldExtendor.swift in Sources */,
				C376F2CC21700EC3005EEA0D /* PhotoSelectViewController.swift in Sources */,
				C376F2A9216ED0F4005EEA0D /* Job.swift in Sources */,
				480D5B0721750B92005A4A68 /* myJobsCell.swift in Sources */,
				C376F2CE217032B2005EEA0D /* ProfileTableViewController.swift in Sources */,
				C3F916DE2178F39F00394038 /* homeCollectionViewCell.swift in Sources */,
				C3F916DC2178F13A00394038 /* HomePageTableViewController.swift in Sources */,
				486AFFFA2176615000B598CA /* AppliedDetailVC.swift in Sources */,
				48823CEC217693240012C30B /* ViewApplicantsVC.swift in Sources */,
				48823CE6217691750012C30B /* ViewPostingVC.swift in Sources */,
				480D5B0621750B92005A4A68 /* MyJobsTVC.swift in Sources */,
				C376F28F216ED021005EEA0D /* AppDelegate.swift in Sources */,
			);
			runOnlyForDeploymentPostprocessing = 0;
		};
/* End PBXSourcesBuildPhase section */

/* Begin PBXVariantGroup section */
		C376F292216ED021005EEA0D /* Main.storyboard */ = {
			isa = PBXVariantGroup;
			children = (
				C376F293216ED021005EEA0D /* Base */,
			);
			name = Main.storyboard;
			sourceTree = "<group>";
		};
		C376F297216ED022005EEA0D /* LaunchScreen.storyboard */ = {
			isa = PBXVariantGroup;
			children = (
				C376F298216ED022005EEA0D /* Base */,
			);
			name = LaunchScreen.storyboard;
			sourceTree = "<group>";
		};
/* End PBXVariantGroup section */

/* Begin XCBuildConfiguration section */
		C376F29B216ED022005EEA0D /* Debug */ = {
			isa = XCBuildConfiguration;
			buildSettings = {
				ALWAYS_SEARCH_USER_PATHS = NO;
				CLANG_ANALYZER_NONNULL = YES;
				CLANG_ANALYZER_NUMBER_OBJECT_CONVERSION = YES_AGGRESSIVE;
				CLANG_CXX_LANGUAGE_STANDARD = "gnu++14";
				CLANG_CXX_LIBRARY = "libc++";
				CLANG_ENABLE_MODULES = YES;
				CLANG_ENABLE_OBJC_ARC = YES;
				CLANG_ENABLE_OBJC_WEAK = YES;
				CLANG_WARN_BLOCK_CAPTURE_AUTORELEASING = YES;
				CLANG_WARN_BOOL_CONVERSION = YES;
				CLANG_WARN_COMMA = YES;
				CLANG_WARN_CONSTANT_CONVERSION = YES;
				CLANG_WARN_DEPRECATED_OBJC_IMPLEMENTATIONS = YES;
				CLANG_WARN_DIRECT_OBJC_ISA_USAGE = YES_ERROR;
				CLANG_WARN_DOCUMENTATION_COMMENTS = YES;
				CLANG_WARN_EMPTY_BODY = YES;
				CLANG_WARN_ENUM_CONVERSION = YES;
				CLANG_WARN_INFINITE_RECURSION = YES;
				CLANG_WARN_INT_CONVERSION = YES;
				CLANG_WARN_NON_LITERAL_NULL_CONVERSION = YES;
				CLANG_WARN_OBJC_IMPLICIT_RETAIN_SELF = YES;
				CLANG_WARN_OBJC_LITERAL_CONVERSION = YES;
				CLANG_WARN_OBJC_ROOT_CLASS = YES_ERROR;
				CLANG_WARN_RANGE_LOOP_ANALYSIS = YES;
				CLANG_WARN_STRICT_PROTOTYPES = YES;
				CLANG_WARN_SUSPICIOUS_MOVE = YES;
				CLANG_WARN_UNGUARDED_AVAILABILITY = YES_AGGRESSIVE;
				CLANG_WARN_UNREACHABLE_CODE = YES;
				CLANG_WARN__DUPLICATE_METHOD_MATCH = YES;
				CODE_SIGN_IDENTITY = "iPhone Developer";
				COPY_PHASE_STRIP = NO;
				DEBUG_INFORMATION_FORMAT = dwarf;
				ENABLE_STRICT_OBJC_MSGSEND = YES;
				ENABLE_TESTABILITY = YES;
				GCC_C_LANGUAGE_STANDARD = gnu11;
				GCC_DYNAMIC_NO_PIC = NO;
				GCC_NO_COMMON_BLOCKS = YES;
				GCC_OPTIMIZATION_LEVEL = 0;
				GCC_PREPROCESSOR_DEFINITIONS = (
					"DEBUG=1",
					"$(inherited)",
				);
				GCC_WARN_64_TO_32_BIT_CONVERSION = YES;
				GCC_WARN_ABOUT_RETURN_TYPE = YES_ERROR;
				GCC_WARN_UNDECLARED_SELECTOR = YES;
				GCC_WARN_UNINITIALIZED_AUTOS = YES_AGGRESSIVE;
				GCC_WARN_UNUSED_FUNCTION = YES;
				GCC_WARN_UNUSED_VARIABLE = YES;
				IPHONEOS_DEPLOYMENT_TARGET = 12.0;
				MTL_ENABLE_DEBUG_INFO = INCLUDE_SOURCE;
				MTL_FAST_MATH = YES;
				ONLY_ACTIVE_ARCH = YES;
				SDKROOT = iphoneos;
				SWIFT_ACTIVE_COMPILATION_CONDITIONS = DEBUG;
				SWIFT_OPTIMIZATION_LEVEL = "-Onone";
			};
			name = Debug;
		};
		C376F29C216ED022005EEA0D /* Release */ = {
			isa = XCBuildConfiguration;
			buildSettings = {
				ALWAYS_SEARCH_USER_PATHS = NO;
				CLANG_ANALYZER_NONNULL = YES;
				CLANG_ANALYZER_NUMBER_OBJECT_CONVERSION = YES_AGGRESSIVE;
				CLANG_CXX_LANGUAGE_STANDARD = "gnu++14";
				CLANG_CXX_LIBRARY = "libc++";
				CLANG_ENABLE_MODULES = YES;
				CLANG_ENABLE_OBJC_ARC = YES;
				CLANG_ENABLE_OBJC_WEAK = YES;
				CLANG_WARN_BLOCK_CAPTURE_AUTORELEASING = YES;
				CLANG_WARN_BOOL_CONVERSION = YES;
				CLANG_WARN_COMMA = YES;
				CLANG_WARN_CONSTANT_CONVERSION = YES;
				CLANG_WARN_DEPRECATED_OBJC_IMPLEMENTATIONS = YES;
				CLANG_WARN_DIRECT_OBJC_ISA_USAGE = YES_ERROR;
				CLANG_WARN_DOCUMENTATION_COMMENTS = YES;
				CLANG_WARN_EMPTY_BODY = YES;
				CLANG_WARN_ENUM_CONVERSION = YES;
				CLANG_WARN_INFINITE_RECURSION = YES;
				CLANG_WARN_INT_CONVERSION = YES;
				CLANG_WARN_NON_LITERAL_NULL_CONVERSION = YES;
				CLANG_WARN_OBJC_IMPLICIT_RETAIN_SELF = YES;
				CLANG_WARN_OBJC_LITERAL_CONVERSION = YES;
				CLANG_WARN_OBJC_ROOT_CLASS = YES_ERROR;
				CLANG_WARN_RANGE_LOOP_ANALYSIS = YES;
				CLANG_WARN_STRICT_PROTOTYPES = YES;
				CLANG_WARN_SUSPICIOUS_MOVE = YES;
				CLANG_WARN_UNGUARDED_AVAILABILITY = YES_AGGRESSIVE;
				CLANG_WARN_UNREACHABLE_CODE = YES;
				CLANG_WARN__DUPLICATE_METHOD_MATCH = YES;
				CODE_SIGN_IDENTITY = "iPhone Developer";
				COPY_PHASE_STRIP = NO;
				DEBUG_INFORMATION_FORMAT = "dwarf-with-dsym";
				ENABLE_NS_ASSERTIONS = NO;
				ENABLE_STRICT_OBJC_MSGSEND = YES;
				GCC_C_LANGUAGE_STANDARD = gnu11;
				GCC_NO_COMMON_BLOCKS = YES;
				GCC_WARN_64_TO_32_BIT_CONVERSION = YES;
				GCC_WARN_ABOUT_RETURN_TYPE = YES_ERROR;
				GCC_WARN_UNDECLARED_SELECTOR = YES;
				GCC_WARN_UNINITIALIZED_AUTOS = YES_AGGRESSIVE;
				GCC_WARN_UNUSED_FUNCTION = YES;
				GCC_WARN_UNUSED_VARIABLE = YES;
				IPHONEOS_DEPLOYMENT_TARGET = 12.0;
				MTL_ENABLE_DEBUG_INFO = NO;
				MTL_FAST_MATH = YES;
				SDKROOT = iphoneos;
				SWIFT_COMPILATION_MODE = wholemodule;
				SWIFT_OPTIMIZATION_LEVEL = "-O";
				VALIDATE_PRODUCT = YES;
			};
			name = Release;
		};
		C376F29E216ED022005EEA0D /* Debug */ = {
			isa = XCBuildConfiguration;
			baseConfigurationReference = 83B22494710D5F0B384201EF /* Pods-SharkWeek.debug.xcconfig */;
			buildSettings = {
				ASSETCATALOG_COMPILER_APPICON_NAME = AppIcon;
				CODE_SIGN_ENTITLEMENTS = SharkWeek/SharkWeek.entitlements;
				CODE_SIGN_STYLE = Automatic;
				DEVELOPMENT_TEAM = 23QW9JU9DK;
				INFOPLIST_FILE = "$(SRCROOT)/SharkWeek/Resources/Info.plist";
				LD_RUNPATH_SEARCH_PATHS = (
					"$(inherited)",
					"@executable_path/Frameworks",
				);
				PRODUCT_BUNDLE_IDENTIFIER = com.CodyAdcock.SharkWeek;
				PRODUCT_NAME = "$(TARGET_NAME)";
				SWIFT_VERSION = 4.2;
				TARGETED_DEVICE_FAMILY = "1,2";
			};
			name = Debug;
		};
		C376F29F216ED022005EEA0D /* Release */ = {
			isa = XCBuildConfiguration;
			baseConfigurationReference = 1A0E356D18FB373AAC3F2CCC /* Pods-SharkWeek.release.xcconfig */;
			buildSettings = {
				ASSETCATALOG_COMPILER_APPICON_NAME = AppIcon;
				CODE_SIGN_ENTITLEMENTS = SharkWeek/SharkWeek.entitlements;
				CODE_SIGN_STYLE = Automatic;
				DEVELOPMENT_TEAM = 23QW9JU9DK;
				INFOPLIST_FILE = "$(SRCROOT)/SharkWeek/Resources/Info.plist";
				LD_RUNPATH_SEARCH_PATHS = (
					"$(inherited)",
					"@executable_path/Frameworks",
				);
				PRODUCT_BUNDLE_IDENTIFIER = com.CodyAdcock.SharkWeek;
				PRODUCT_NAME = "$(TARGET_NAME)";
				SWIFT_VERSION = 4.2;
				TARGETED_DEVICE_FAMILY = "1,2";
			};
			name = Release;
		};
/* End XCBuildConfiguration section */

/* Begin XCConfigurationList section */
		C376F286216ED021005EEA0D /* Build configuration list for PBXProject "SharkWeek" */ = {
			isa = XCConfigurationList;
			buildConfigurations = (
				C376F29B216ED022005EEA0D /* Debug */,
				C376F29C216ED022005EEA0D /* Release */,
			);
			defaultConfigurationIsVisible = 0;
			defaultConfigurationName = Release;
		};
		C376F29D216ED022005EEA0D /* Build configuration list for PBXNativeTarget "SharkWeek" */ = {
			isa = XCConfigurationList;
			buildConfigurations = (
				C376F29E216ED022005EEA0D /* Debug */,
				C376F29F216ED022005EEA0D /* Release */,
			);
			defaultConfigurationIsVisible = 0;
			defaultConfigurationName = Release;
		};
/* End XCConfigurationList section */
	};
	rootObject = C376F283216ED021005EEA0D /* Project object */;
}
